
Microsoft Visual Studio Solution File, Format Version 12.00
# Visual Studio Version 17
VisualStudioVersion = 17.5.002.0
MinimumVisualStudioVersion = 10.0.40219.1
Project("{9A19103F-16F7-4668-BE54-9A1E7A4F7556}") = "OlaMundo", "OlaMundo.csproj", "{3CEF6CC4-6794-458B-9E31-258D4C2D3DCA}"
EndProject
Global
	GlobalSection(SolutionConfigurationPlatforms) = preSolution
		Debug|Any CPU = Debug|Any CPU
		Release|Any CPU = Release|Any CPU
	EndGlobalSection
	GlobalSection(ProjectConfigurationPlatforms) = postSolution
		{3CEF6CC4-6794-458B-9E31-258D4C2D3DCA}.Debug|Any CPU.ActiveCfg = Debug|Any CPU
		{3CEF6CC4-6794-458B-9E31-258D4C2D3DCA}.Debug|Any CPU.Build.0 = Debug|Any CPU
		{3CEF6CC4-6794-458B-9E31-258D4C2D3DCA}.Release|Any CPU.ActiveCfg = Release|Any CPU
		{3CEF6CC4-6794-458B-9E31-258D4C2D3DCA}.Release|Any CPU.Build.0 = Release|Any CPU
	EndGlobalSection
	GlobalSection(SolutionProperties) = preSolution
		HideSolutionNode = FALSE
	EndGlobalSection
	GlobalSection(ExtensibilityGlobals) = postSolution
		SolutionGuid = {3E2303A0-92A3-48F2-B5D1-4B43F39E0DC3}
	EndGlobalSection
EndGlobal
